
Microsoft Visual Studio Solution File, Format Version 12.00
# Visual Studio Version 16
VisualStudioVersion = 16.0.31727.386
MinimumVisualStudioVersion = 10.0.40219.1
Project("{FAE04EC0-301F-11D3-BF4B-00C04F79EFBC}") = "GetSetDevs", "GetSetDevs\GetSetDevs.csproj", "{26F222B2-BC00-4122-8BC3-9B5471EF4765}"
EndProject
Global
	GlobalSection(SolutionConfigurationPlatforms) = preSolution
		Debug|Any CPU = Debug|Any CPU
		Release|Any CPU = Release|Any CPU
	EndGlobalSection
	GlobalSection(ProjectConfigurationPlatforms) = postSolution
		{26F222B2-BC00-4122-8BC3-9B5471EF4765}.Debug|Any CPU.ActiveCfg = Debug|Any CPU
		{26F222B2-BC00-4122-8BC3-9B5471EF4765}.Debug|Any CPU.Build.0 = Debug|Any CPU
		{26F222B2-BC00-4122-8BC3-9B5471EF4765}.Release|Any CPU.ActiveCfg = Release|Any CPU
		{26F222B2-BC00-4122-8BC3-9B5471EF4765}.Release|Any CPU.Build.0 = Release|Any CPU
	EndGlobalSection
	GlobalSection(SolutionProperties) = preSolution
		HideSolutionNode = FALSE
	EndGlobalSection
	GlobalSection(ExtensibilityGlobals) = postSolution
		SolutionGuid = {6F2DC5E9-B1CE-4503-9DE6-212873DD15C9}
	EndGlobalSection
EndGlobal
